
Microsoft Visual Studio Solution File, Format Version 12.00
# Visual Studio Version 16
VisualStudioVersion = 16.0.34601.136
MinimumVisualStudioVersion = 10.0.40219.1
Project("{FAE04EC0-301F-11D3-BF4B-00C04F79EFBC}") = "IPCPipes", "IPCPipes.csproj", "{AD448868-3454-41D7-8739-B1DF6A1B487D}"
EndProject
Global
	GlobalSection(SolutionConfigurationPlatforms) = preSolution
		Debug|Any CPU = Debug|Any CPU
		Release|Any CPU = Release|Any CPU
	EndGlobalSection
	GlobalSection(ProjectConfigurationPlatforms) = postSolution
		{AD448868-3454-41D7-8739-B1DF6A1B487D}.Debug|Any CPU.ActiveCfg = Debug|Any CPU
		{AD448868-3454-41D7-8739-B1DF6A1B487D}.Debug|Any CPU.Build.0 = Debug|Any CPU
		{AD448868-3454-41D7-8739-B1DF6A1B487D}.Release|Any CPU.ActiveCfg = Release|Any CPU
		{AD448868-3454-41D7-8739-B1DF6A1B487D}.Release|Any CPU.Build.0 = Release|Any CPU
	EndGlobalSection
	GlobalSection(SolutionProperties) = preSolution
		HideSolutionNode = FALSE
	EndGlobalSection
	GlobalSection(ExtensibilityGlobals) = postSolution
		SolutionGuid = {DEE881C6-D4A4-4154-8E4F-0C12C415EB42}
	EndGlobalSection
EndGlobal
